
Microsoft Visual Studio Solution File, Format Version 12.00
# Visual Studio 14
VisualStudioVersion = 14.0.25420.1
MinimumVisualStudioVersion = 10.0.40219.1
Project("{2150E333-8FDC-42A3-9474-1A3956D46DE8}") = "src", "src", "{BF57BE0D-D080-4C44-A2D6-BD317C498EAD}"
EndProject
Project("{2150E333-8FDC-42A3-9474-1A3956D46DE8}") = "Solution Items", "Solution Items", "{E026E8C5-5C7A-4E91-AC87-D7814081AD73}"
	ProjectSection(SolutionItems) = preProject
		global.json = global.json
	EndProjectSection
EndProject
Project("{8BB2217D-0F2D-49D1-97BC-3654ED321F3B}") = "CnBlogs.Core", "src\CnBlogs.Core\CnBlogs.Core.xproj", "{4AA790B4-76A0-4DF4-9B1E-A5940C466F37}"
EndProject
Project("{2150E333-8FDC-42A3-9474-1A3956D46DE8}") = "test", "test", "{E86DECA7-E730-44D8-9DAD-DFFA99DAB912}"
EndProject
Project("{8BB2217D-0F2D-49D1-97BC-3654ED321F3B}") = "CnBlogs.test", "CnBlogs.test\CnBlogs.test.xproj", "{47F7F123-05F1-43CD-9F85-7D9A3C9FB2A8}"
EndProject
Global
	GlobalSection(SolutionConfigurationPlatforms) = preSolution
		Debug|Any CPU = Debug|Any CPU
		Release|Any CPU = Release|Any CPU
	EndGlobalSection
	GlobalSection(ProjectConfigurationPlatforms) = postSolution
		{4AA790B4-76A0-4DF4-9B1E-A5940C466F37}.Debug|Any CPU.ActiveCfg = Debug|Any CPU
		{4AA790B4-76A0-4DF4-9B1E-A5940C466F37}.Debug|Any CPU.Build.0 = Debug|Any CPU
		{4AA790B4-76A0-4DF4-9B1E-A5940C466F37}.Release|Any CPU.ActiveCfg = Release|Any CPU
		{4AA790B4-76A0-4DF4-9B1E-A5940C466F37}.Release|Any CPU.Build.0 = Release|Any CPU
		{47F7F123-05F1-43CD-9F85-7D9A3C9FB2A8}.Debug|Any CPU.ActiveCfg = Debug|Any CPU
		{47F7F123-05F1-43CD-9F85-7D9A3C9FB2A8}.Debug|Any CPU.Build.0 = Debug|Any CPU
		{47F7F123-05F1-43CD-9F85-7D9A3C9FB2A8}.Release|Any CPU.ActiveCfg = Release|Any CPU
		{47F7F123-05F1-43CD-9F85-7D9A3C9FB2A8}.Release|Any CPU.Build.0 = Release|Any CPU
	EndGlobalSection
	GlobalSection(SolutionProperties) = preSolution
		HideSolutionNode = FALSE
	EndGlobalSection
	GlobalSection(NestedProjects) = preSolution
		{4AA790B4-76A0-4DF4-9B1E-A5940C466F37} = {BF57BE0D-D080-4C44-A2D6-BD317C498EAD}
		{47F7F123-05F1-43CD-9F85-7D9A3C9FB2A8} = {E86DECA7-E730-44D8-9DAD-DFFA99DAB912}
	EndGlobalSection
EndGlobal
